
Microsoft Visual Studio Solution File, Format Version 12.00
# Visual Studio 14
VisualStudioVersion = 14.0.23107.0
MinimumVisualStudioVersion = 10.0.40219.1
Project("{FAE04EC0-301F-11D3-BF4B-00C04F79EFBC}") = "Ticket Now.UserPortal.Web", "Ticket Now.UserPortal.Web\Ticket Now.UserPortal.Web.csproj", "{F68ECA32-88E6-479B-AF67-9FE8000FDB1A}"
EndProject
Project("{FAE04EC0-301F-11D3-BF4B-00C04F79EFBC}") = "Ticket Now.UserPortal.Api.Tests", "Ticket Now.Tests\Ticket Now.UserPortal.Api.Tests.csproj", "{89988948-44AF-40F0-BDBD-B1593DC4BCBA}"
EndProject
Project("{2150E333-8FDC-42A3-9474-1A3956D46DE8}") = "Tests", "Tests", "{C2551FC3-26AE-4967-B9CF-001AEBCE3728}"
EndProject
Project("{2150E333-8FDC-42A3-9474-1A3956D46DE8}") = "UserPortal", "UserPortal", "{ACC89E7A-1562-436C-ABFA-ECCBB9153D74}"
EndProject
Project("{FAE04EC0-301F-11D3-BF4B-00C04F79EFBC}") = "Ticket Now.UserPortal.Api", "TicketNow.UserPortal.Api\Ticket Now.UserPortal.Api.csproj", "{2F7A55E9-09D8-4CFF-8D80-C7B176644E82}"
EndProject
Project("{FAE04EC0-301F-11D3-BF4B-00C04F79EFBC}") = "Ticket Now.Admin.Web", "Ticket Now.Admin.Web\Ticket Now.Admin.Web.csproj", "{6C1D5999-FDFD-482F-94D8-72A2DA58FCBD}"
EndProject
Project("{FAE04EC0-301F-11D3-BF4B-00C04F79EFBC}") = "Ticket Now.Admin.Api", "Ticket Now.Admin.Api\Ticket Now.Admin.Api.csproj", "{D5722F08-1D54-4935-861F-A095DE030D15}"
EndProject
Project("{2150E333-8FDC-42A3-9474-1A3956D46DE8}") = "Common", "Common", "{6E53C84F-DB78-4F14-9D07-4BD0430C9405}"
EndProject
Project("{FAE04EC0-301F-11D3-BF4B-00C04F79EFBC}") = "Ticket Now.Common", "Ticket Now.Repository\Ticket Now.Common.csproj", "{29D3D5BD-3F88-45DF-B211-85F63D5B2FC3}"
EndProject
Project("{2150E333-8FDC-42A3-9474-1A3956D46DE8}") = "Admin", "Admin", "{5D43B3DC-4314-49F3-80D4-58BC7B66F404}"
EndProject
Project("{FAE04EC0-301F-11D3-BF4B-00C04F79EFBC}") = "Ticket Now.Authentication", "Ticket Now.Authentication\Ticket Now.Authentication.csproj", "{3D57707F-8D91-47CF-875B-80F39C24DF4A}"
EndProject
Project("{FAE04EC0-301F-11D3-BF4B-00C04F79EFBC}") = "Ticket Now.Admin.Api.Tests", "Ticket Now.AdminPortal.Api.Tests\Ticket Now.Admin.Api.Tests.csproj", "{F332A60A-563D-419B-B32A-45190EF58B76}"
EndProject
Global
	GlobalSection(SolutionConfigurationPlatforms) = preSolution
		Debug|Any CPU = Debug|Any CPU
		Release|Any CPU = Release|Any CPU
	EndGlobalSection
	GlobalSection(ProjectConfigurationPlatforms) = postSolution
		{F68ECA32-88E6-479B-AF67-9FE8000FDB1A}.Debug|Any CPU.ActiveCfg = Debug|Any CPU
		{F68ECA32-88E6-479B-AF67-9FE8000FDB1A}.Debug|Any CPU.Build.0 = Debug|Any CPU
		{F68ECA32-88E6-479B-AF67-9FE8000FDB1A}.Release|Any CPU.ActiveCfg = Release|Any CPU
		{F68ECA32-88E6-479B-AF67-9FE8000FDB1A}.Release|Any CPU.Build.0 = Release|Any CPU
		{89988948-44AF-40F0-BDBD-B1593DC4BCBA}.Debug|Any CPU.ActiveCfg = Debug|Any CPU
		{89988948-44AF-40F0-BDBD-B1593DC4BCBA}.Debug|Any CPU.Build.0 = Debug|Any CPU
		{89988948-44AF-40F0-BDBD-B1593DC4BCBA}.Release|Any CPU.ActiveCfg = Release|Any CPU
		{89988948-44AF-40F0-BDBD-B1593DC4BCBA}.Release|Any CPU.Build.0 = Release|Any CPU
		{2F7A55E9-09D8-4CFF-8D80-C7B176644E82}.Debug|Any CPU.ActiveCfg = Debug|Any CPU
		{2F7A55E9-09D8-4CFF-8D80-C7B176644E82}.Debug|Any CPU.Build.0 = Debug|Any CPU
		{2F7A55E9-09D8-4CFF-8D80-C7B176644E82}.Release|Any CPU.ActiveCfg = Release|Any CPU
		{2F7A55E9-09D8-4CFF-8D80-C7B176644E82}.Release|Any CPU.Build.0 = Release|Any CPU
		{6C1D5999-FDFD-482F-94D8-72A2DA58FCBD}.Debug|Any CPU.ActiveCfg = Debug|Any CPU
		{6C1D5999-FDFD-482F-94D8-72A2DA58FCBD}.Debug|Any CPU.Build.0 = Debug|Any CPU
		{6C1D5999-FDFD-482F-94D8-72A2DA58FCBD}.Release|Any CPU.ActiveCfg = Release|Any CPU
		{6C1D5999-FDFD-482F-94D8-72A2DA58FCBD}.Release|Any CPU.Build.0 = Release|Any CPU
		{D5722F08-1D54-4935-861F-A095DE030D15}.Debug|Any CPU.ActiveCfg = Debug|Any CPU
		{D5722F08-1D54-4935-861F-A095DE030D15}.Debug|Any CPU.Build.0 = Debug|Any CPU
		{D5722F08-1D54-4935-861F-A095DE030D15}.Release|Any CPU.ActiveCfg = Release|Any CPU
		{D5722F08-1D54-4935-861F-A095DE030D15}.Release|Any CPU.Build.0 = Release|Any CPU
		{29D3D5BD-3F88-45DF-B211-85F63D5B2FC3}.Debug|Any CPU.ActiveCfg = Debug|Any CPU
		{29D3D5BD-3F88-45DF-B211-85F63D5B2FC3}.Debug|Any CPU.Build.0 = Debug|Any CPU
		{29D3D5BD-3F88-45DF-B211-85F63D5B2FC3}.Release|Any CPU.ActiveCfg = Release|Any CPU
		{29D3D5BD-3F88-45DF-B211-85F63D5B2FC3}.Release|Any CPU.Build.0 = Release|Any CPU
		{3D57707F-8D91-47CF-875B-80F39C24DF4A}.Debug|Any CPU.ActiveCfg = Debug|Any CPU
		{3D57707F-8D91-47CF-875B-80F39C24DF4A}.Debug|Any CPU.Build.0 = Debug|Any CPU
		{3D57707F-8D91-47CF-875B-80F39C24DF4A}.Release|Any CPU.ActiveCfg = Release|Any CPU
		{3D57707F-8D91-47CF-875B-80F39C24DF4A}.Release|Any CPU.Build.0 = Release|Any CPU
		{F332A60A-563D-419B-B32A-45190EF58B76}.Debug|Any CPU.ActiveCfg = Debug|Any CPU
		{F332A60A-563D-419B-B32A-45190EF58B76}.Debug|Any CPU.Build.0 = Debug|Any CPU
		{F332A60A-563D-419B-B32A-45190EF58B76}.Release|Any CPU.ActiveCfg = Release|Any CPU
		{F332A60A-563D-419B-B32A-45190EF58B76}.Release|Any CPU.Build.0 = Release|Any CPU
	EndGlobalSection
	GlobalSection(SolutionProperties) = preSolution
		HideSolutionNode = FALSE
	EndGlobalSection
	GlobalSection(NestedProjects) = preSolution
		{F68ECA32-88E6-479B-AF67-9FE8000FDB1A} = {ACC89E7A-1562-436C-ABFA-ECCBB9153D74}
		{89988948-44AF-40F0-BDBD-B1593DC4BCBA} = {C2551FC3-26AE-4967-B9CF-001AEBCE3728}
		{2F7A55E9-09D8-4CFF-8D80-C7B176644E82} = {ACC89E7A-1562-436C-ABFA-ECCBB9153D74}
		{6C1D5999-FDFD-482F-94D8-72A2DA58FCBD} = {5D43B3DC-4314-49F3-80D4-58BC7B66F404}
		{D5722F08-1D54-4935-861F-A095DE030D15} = {5D43B3DC-4314-49F3-80D4-58BC7B66F404}
		{29D3D5BD-3F88-45DF-B211-85F63D5B2FC3} = {6E53C84F-DB78-4F14-9D07-4BD0430C9405}
		{3D57707F-8D91-47CF-875B-80F39C24DF4A} = {6E53C84F-DB78-4F14-9D07-4BD0430C9405}
		{F332A60A-563D-419B-B32A-45190EF58B76} = {C2551FC3-26AE-4967-B9CF-001AEBCE3728}
	EndGlobalSection
	GlobalSection(TeamFoundationVersionControl) = preSolution
		SccNumberOfProjects = 9
		SccEnterpriseProvider = {4CA58AB2-18FA-4F8D-95D4-32DDF27D184C}
		SccTeamFoundationServer = https://jakemoresca.visualstudio.com/defaultcollection
		SccLocalPath0 = .
		SccProjectUniqueName1 = Ticket\u0020Now.Admin.Web\\Ticket\u0020Now.Admin.Web.csproj
		SccProjectTopLevelParentUniqueName1 = Ticket\u0020Now.sln
		SccProjectName1 = Ticket\u0020Now.Admin.Web
		SccLocalPath1 = Ticket\u0020Now.Admin.Web
		SccProjectUniqueName2 = Ticket\u0020Now.Admin.Api\\Ticket\u0020Now.Admin.Api.csproj
		SccProjectTopLevelParentUniqueName2 = Ticket\u0020Now.sln
		SccProjectName2 = Ticket\u0020Now.Admin.Api
		SccLocalPath2 = Ticket\u0020Now.Admin.Api
		SccProjectUniqueName3 = Ticket\u0020Now.Repository\\Ticket\u0020Now.Common.csproj
		SccProjectTopLevelParentUniqueName3 = Ticket\u0020Now.sln
		SccProjectName3 = Ticket\u0020Now.Repository
		SccLocalPath3 = Ticket\u0020Now.Repository
		SccProjectUniqueName4 = Ticket\u0020Now.Tests\\Ticket\u0020Now.UserPortal.Api.Tests.csproj
		SccProjectTopLevelParentUniqueName4 = Ticket\u0020Now.sln
		SccProjectName4 = Ticket\u0020Now.Tests
		SccLocalPath4 = Ticket\u0020Now.Tests
		SccProjectUniqueName5 = TicketNow.UserPortal.Api\\Ticket\u0020Now.UserPortal.Api.csproj
		SccProjectTopLevelParentUniqueName5 = Ticket\u0020Now.sln
		SccProjectName5 = TicketNow.UserPortal.Api
		SccLocalPath5 = TicketNow.UserPortal.Api
		SccProjectUniqueName6 = Ticket\u0020Now.UserPortal.Web\\Ticket\u0020Now.UserPortal.Web.csproj
		SccProjectTopLevelParentUniqueName6 = Ticket\u0020Now.sln
		SccProjectName6 = Ticket\u0020Now.UserPortal.Web
		SccLocalPath6 = Ticket\u0020Now.UserPortal.Web
		SccProjectUniqueName7 = Ticket\u0020Now.Authentication\\Ticket\u0020Now.Authentication.csproj
		SccProjectTopLevelParentUniqueName7 = Ticket\u0020Now.sln
		SccProjectName7 = Ticket\u0020Now.Authentication
		SccLocalPath7 = Ticket\u0020Now.Authentication
		SccProjectUniqueName8 = Ticket\u0020Now.AdminPortal.Api.Tests\\Ticket\u0020Now.Admin.Api.Tests.csproj
		SccProjectTopLevelParentUniqueName8 = Ticket\u0020Now.sln
		SccProjectName8 = Ticket\u0020Now.AdminPortal.Api.Tests
		SccLocalPath8 = Ticket\u0020Now.AdminPortal.Api.Tests
	EndGlobalSection
EndGlobal
